<Solution>
  <Folder Name="/src/">
    <Project Path="src/MultiAgentApp/MultiAgentApp.csproj" />
    <Project Path="src/ProductsMcpServer/ProductsMcpServer.csproj" />
    <Project Path="src/WeatherMcpServer/WeatherMcpServer.csproj" />
  </Folder>
  <Folder Name="/tests/">
    <Project Path="tests/MultiAgentApp.Tests/MultiAgentApp.Tests.csproj" />
  </Folder>
</Solution>
